{
  "nodes": {
    "nixpkgs": {
      "locked": {
        "lastModified": 1625294093,
        "narHash": "sha256-TkdX0I0aXCvvFRnBAIIj3HjqWAyCzXzcWa6szKjtDL4=",
        "path": "/nix/store/5hy98i77zn9h67ap74w8zr541ccq1pbn-source",
        "rev": "a908087f05622c3453628ce35aa2e522d52cefcd",
        "type": "path"
      },
      "original": {
        "id": "nixpkgs",
        "type": "indirect"
      }
    },
    "root": {
      "inputs": {
        "nixpkgs": "nixpkgs"
      }
    }
  },
  "root": "root",
  "version": 7
}
